
Microsoft Visual Studio Solution File, Format Version 12.00
# Visual Studio Version 17
VisualStudioVersion = 17.0.32112.339
MinimumVisualStudioVersion = 10.0.40219.1
Project("{FAE04EC0-301F-11D3-BF4B-00C04F79EFBC}") = "Image Secrets", "Image Secrets\Image Secrets.csproj", "{42265152-D737-4A92-BF74-16314E0D12E5}"
EndProject
Global
	GlobalSection(SolutionConfigurationPlatforms) = preSolution
		Debug|Any CPU = Debug|Any CPU
		Release|Any CPU = Release|Any CPU
	EndGlobalSection
	GlobalSection(ProjectConfigurationPlatforms) = postSolution
		{42265152-D737-4A92-BF74-16314E0D12E5}.Debug|Any CPU.ActiveCfg = Debug|Any CPU
		{42265152-D737-4A92-BF74-16314E0D12E5}.Debug|Any CPU.Build.0 = Debug|Any CPU
		{42265152-D737-4A92-BF74-16314E0D12E5}.Release|Any CPU.ActiveCfg = Release|Any CPU
		{42265152-D737-4A92-BF74-16314E0D12E5}.Release|Any CPU.Build.0 = Release|Any CPU
	EndGlobalSection
	GlobalSection(SolutionProperties) = preSolution
		HideSolutionNode = FALSE
	EndGlobalSection
	GlobalSection(ExtensibilityGlobals) = postSolution
		SolutionGuid = {0C42BB5F-A78B-42A0-B935-81D2001966C8}
	EndGlobalSection
EndGlobal
